# Generated by buf. DO NOT EDIT.
version: v2
deps:
  - name: buf.build/einride/aip
    commit: 70af12bcc1644bc7b89c38abbef20e7b
    digest: b5:c60298d9be6d0c64f5d4418c645b277bff3e24c20e4a65e83760d52734e407d545f46f55456a9f9e753ee68ca8a9b8b747616440f91d168150c6bd8ecf38279c
  - name: buf.build/einride/googleapis
    commit: 625fcaf6adb343be8ae8ef0ee7be7b77
    digest: b5:a0e6414a6f9244ca31ddc52633ef98b1776341b8dbec0a75c11d8a0b6352d1d1ef78b205281c873a26ceb1aa37e3d7bd9ce65cd96e8443552f3d168718df35fe
  - name: buf.build/googleapis/googleapis
    commit: 62f35d8aed1149c291d606d958a7ce32
    digest: b5:d66bf04adc77a0870bdc9328aaf887c7188a36fb02b83a480dc45ef9dc031b4d39fc6e9dc6435120ccf4fe5bfd5c6cb6592533c6c316595571f9a31420ab47fe
